Microsoft Visual Studio Solution File, Format Version 12.00
# Visual Studio Version 17
VisualStudioVersion = 17.13.35931.197
MinimumVisualStudioVersion = 10.0.40219.1
Project("{FAE04EC0-301F-11D3-BF4B-00C04F79EFBC}") = "Reflex.Generator.Injector", "Reflex.Generator.Injector\Reflex.Generator.Injector.csproj", "{4460A3A3-49B8-4321-8D2E-082EB699D7D3}"
EndProject
Global
	GlobalSection(SolutionConfigurationPlatforms) = preSolution
		Debug|Any CPU = Debug|Any CPU
		Release|Any CPU = Release|Any CPU
	EndGlobalSection
	GlobalSection(ProjectConfigurationPlatforms) = postSolution
		{4460A3A3-49B8-4321-8D2E-082EB699D7D3}.Debug|Any CPU.ActiveCfg = Debug|Any CPU
		{4460A3A3-49B8-4321-8D2E-082EB699D7D3}.Debug|Any CPU.Build.0 = Debug|Any CPU
		{4460A3A3-49B8-4321-8D2E-082EB699D7D3}.Release|Any CPU.ActiveCfg = Release|Any CPU
		{4460A3A3-49B8-4321-8D2E-082EB699D7D3}.Release|Any CPU.Build.0 = Release|Any CPU
	EndGlobalSection
	GlobalSection(SolutionProperties) = preSolution
		HideSolutionNode = FALSE
	EndGlobalSection
	GlobalSection(ExtensibilityGlobals) = postSolution
		SolutionGuid = {E129CEC7-85C5-41AA-9DD4-296E15121304}
	EndGlobalSection
EndGlobal
